
Microsoft Visual Studio Solution File, Format Version 12.00
# Visual Studio 15
VisualStudioVersion = 15.0.26228.9
MinimumVisualStudioVersion = 10.0.40219.1
Project("{FAE04EC0-301F-11D3-BF4B-00C04F79EFBC}") = "Projectgithub.Data.Shell", "Projectgithub.Data.Shell\Projectgithub.Data.Shell.csproj", "{CD860EE6-E4E0-438F-8DAD-7AA4A7B79AED}"
EndProject
Project("{FAE04EC0-301F-11D3-BF4B-00C04F79EFBC}") = "Projectgithub.Data.Bll", "Projectgithub.Data.Bll\Projectgithub.Data.Bll.csproj", "{E0122811-5883-4512-B14D-B6E09191BDA7}"
EndProject
Project("{FAE04EC0-301F-11D3-BF4B-00C04F79EFBC}") = "Projectgithub.Data.Layers", "Projectgithub.Data.Layers\Projectgithub.Data.Layers.csproj", "{A01DEF5C-30B1-4144-96C9-BDD55190E0D9}"
EndProject
Project("{FAE04EC0-301F-11D3-BF4B-00C04F79EFBC}") = "Projectgithub.Resources", "Projectgithub.Resources\Projectgithub.Resources.csproj", "{5D166EAA-3C08-4B9A-8D15-16A1F7AB9C9F}"
EndProject
Global
	GlobalSection(SolutionConfigurationPlatforms) = preSolution
		Debug|Any CPU = Debug|Any CPU
		Release|Any CPU = Release|Any CPU
	EndGlobalSection
	GlobalSection(ProjectConfigurationPlatforms) = postSolution
		{CD860EE6-E4E0-438F-8DAD-7AA4A7B79AED}.Debug|Any CPU.ActiveCfg = Debug|Any CPU
		{CD860EE6-E4E0-438F-8DAD-7AA4A7B79AED}.Debug|Any CPU.Build.0 = Debug|Any CPU
		{CD860EE6-E4E0-438F-8DAD-7AA4A7B79AED}.Release|Any CPU.ActiveCfg = Release|Any CPU
		{CD860EE6-E4E0-438F-8DAD-7AA4A7B79AED}.Release|Any CPU.Build.0 = Release|Any CPU
		{E0122811-5883-4512-B14D-B6E09191BDA7}.Debug|Any CPU.ActiveCfg = Debug|Any CPU
		{E0122811-5883-4512-B14D-B6E09191BDA7}.Debug|Any CPU.Build.0 = Debug|Any CPU
		{E0122811-5883-4512-B14D-B6E09191BDA7}.Release|Any CPU.ActiveCfg = Release|Any CPU
		{E0122811-5883-4512-B14D-B6E09191BDA7}.Release|Any CPU.Build.0 = Release|Any CPU
		{A01DEF5C-30B1-4144-96C9-BDD55190E0D9}.Debug|Any CPU.ActiveCfg = Debug|Any CPU
		{A01DEF5C-30B1-4144-96C9-BDD55190E0D9}.Debug|Any CPU.Build.0 = Debug|Any CPU
		{A01DEF5C-30B1-4144-96C9-BDD55190E0D9}.Release|Any CPU.ActiveCfg = Release|Any CPU
		{A01DEF5C-30B1-4144-96C9-BDD55190E0D9}.Release|Any CPU.Build.0 = Release|Any CPU
		{5D166EAA-3C08-4B9A-8D15-16A1F7AB9C9F}.Debug|Any CPU.ActiveCfg = Debug|Any CPU
		{5D166EAA-3C08-4B9A-8D15-16A1F7AB9C9F}.Debug|Any CPU.Build.0 = Debug|Any CPU
		{5D166EAA-3C08-4B9A-8D15-16A1F7AB9C9F}.Release|Any CPU.ActiveCfg = Release|Any CPU
		{5D166EAA-3C08-4B9A-8D15-16A1F7AB9C9F}.Release|Any CPU.Build.0 = Release|Any CPU
	EndGlobalSection
	GlobalSection(SolutionProperties) = preSolution
		HideSolutionNode = FALSE
	EndGlobalSection
EndGlobal
